// !$*UTF8*$!
{
	archiveVersion = 1;
	classes = {
	};
	objectVersion = 46;
	objects = {

/* Begin PBXBuildFile section */
		35AC9EAC1937CE5A004A99FE /* Foundation.framework in Frameworks */ = {isa = PBXBuildFile; fileRef = 35AC9EAB1937CE59004A99FE /* Foundation.framework */; };
		35AC9EAE1937CE5A004A99FE /* CoreGraphics.framework in Frameworks */ = {isa = PBXBuildFile; fileRef = 35AC9EAD1937CE5A004A99FE /* CoreGraphics.framework */; };
		35AC9EB01937CE5A004A99FE /* UIKit.framework in Frameworks */ = {isa = PBXBuildFile; fileRef = 35AC9EAF1937CE5A004A99FE /* UIKit.framework */; };
		35AC9EB61937CE5A004A99FE /* InfoPlist.strings in Resources */ = {isa = PBXBuildFile; fileRef = 35AC9EB41937CE5A004A99FE /* InfoPlist.strings */; };
		35AC9EB81937CE5A004A99FE /* main.m in Sources */ = {isa = PBXBuildFile; fileRef = 35AC9EB71937CE5A004A99FE /* main.m */; };
		35AC9EBC1937CE5A004A99FE /* EBAppDelegate.m in Sources */ = {isa = PBXBuildFile; fileRef = 35AC9EBB1937CE5A004A99FE /* EBAppDelegate.m */; };
		35AC9EBF1937CE5A004A99FE /* Main.storyboard in Resources */ = {isa = PBXBuildFile; fileRef = 35AC9EBD1937CE5A004A99FE /* Main.storyboard */; };
		35AC9EC21937CE5A004A99FE /* EBViewController.m in Sources */ = {isa = PBXBuildFile; fileRef = 35AC9EC11937CE5A004A99FE /* EBViewController.m */; };
		35AC9EC41937CE5A004A99FE /* Images.xcassets in Resources */ = {isa = PBXBuildFile; fileRef = 35AC9EC31937CE5A004A99FE /* Images.xcassets */; };
		35AC9ECB1937CE5A004A99FE /* XCTest.framework in Frameworks */ = {isa = PBXBuildFile; fileRef = 35AC9ECA1937CE5A004A99FE /* XCTest.framework */; };
		35AC9ECC1937CE5A004A99FE /* Foundation.framework in Frameworks */ = {isa = PBXBuildFile; fileRef = 35AC9EAB1937CE59004A99FE /* Foundation.framework */; };
		35AC9ECD1937CE5A004A99FE /* UIKit.framework in Frameworks */ = {isa = PBXBuildFile; fileRef = 35AC9EAF1937CE5A004A99FE /* UIKit.framework */; };
		35AC9ED51937CE5A004A99FE /* InfoPlist.strings in Resources */ = {isa = PBXBuildFile; fileRef = 35AC9ED31937CE5A004A99FE /* InfoPlist.strings */; };
		35AC9ED71937CE5A004A99FE /* BubbleViewHomeworkTests.m in Sources */ = {isa = PBXBuildFile; fileRef = 35AC9ED61937CE5A004A99FE /* BubbleViewHomeworkTests.m */; };
		35AC9EE51937CF1C004A99FE /* EBBubbleView.m in Sources */ = {isa = PBXBuildFile; fileRef = 35AC9EE41937CF1C004A99FE /* EBBubbleView.m */; };
		35AC9EE71937D148004A99FE /* Social.framework in Frameworks */ = {isa = PBXBuildFile; fileRef = 35AC9EE61937D148004A99FE /* Social.framework */; };
/* End PBXBuildFile section */

/* Begin PBXContainerItemProxy section */
		35AC9ECE1937CE5A004A99FE /* PBXContainerItemProxy */ = {
			isa = PBXContainerItemProxy;
			containerPortal = 35AC9EA01937CE59004A99FE /* Project object */;
			proxyType = 1;
			remoteGlobalIDString = 35AC9EA71937CE59004A99FE;
			remoteInfo = BubbleViewHomework;
		};
/* End PBXContainerItemProxy section */

/* Begin PBXFileReference section */
		35AC9EA81937CE59004A99FE /* BubbleViewHomework.app */ = {isa = PBXFileReference; explicitFileType = wrapper.application; includeInIndex = 0; path = BubbleViewHomework.app; sourceTree = BUILT_PRODUCTS_DIR; };
		35AC9EAB1937CE59004A99FE /* Foundation.framework */ = {isa = PBXFileReference; lastKnownFileType = wrapper.framework; name = Foundation.framework; path = System/Library/Frameworks/Foundation.framework; sourceTree = SDKROOT; };
		35AC9EAD1937CE5A004A99FE /* CoreGraphics.framework */ = {isa = PBXFileReference; lastKnownFileType = wrapper.framework; name = CoreGraphics.framework; path = System/Library/Frameworks/CoreGraphics.framework; sourceTree = SDKROOT; };
		35AC9EAF1937CE5A004A99FE /* UIKit.framework */ = {isa = PBXFileReference; lastKnownFileType = wrapper.framework; name = UIKit.framework; path = System/Library/Frameworks/UIKit.framework; sourceTree = SDKROOT; };
		35AC9EB31937CE5A004A99FE /* BubbleViewHomework-Info.plist */ = {isa = PBXFileReference; lastKnownFileType = text.plist.xml; path = "BubbleViewHomework-Info.plist"; sourceTree = "<group>"; };
		35AC9EB51937CE5A004A99FE /* en */ = {isa = PBXFileReference; lastKnownFileType = text.plist.strings; name = en; path = en.lproj/InfoPlist.strings; sourceTree = "<group>"; };
		35AC9EB71937CE5A004A99FE /* main.m */ = {isa = PBXFileReference; lastKnownFileType = sourcecode.c.objc; path = main.m; sourceTree = "<group>"; };
		35AC9EB91937CE5A004A99FE /* BubbleViewHomework-Prefix.pch */ = {isa = PBXFileReference; lastKnownFileType = sourcecode.c.h; path = "BubbleViewHomework-Prefix.pch"; sourceTree = "<group>"; };
		35AC9EBA1937CE5A004A99FE /* EBAppDelegate.h */ = {isa = PBXFileReference; lastKnownFileType = sourcecode.c.h; path = EBAppDelegate.h; sourceTree = "<group>"; };
		35AC9EBB1937CE5A004A99FE /* EBAppDelegate.m */ = {isa = PBXFileReference; lastKnownFileType = sourcecode.c.objc; path = EBAppDelegate.m; sourceTree = "<group>"; };
		35AC9EBE1937CE5A004A99FE /* Base */ = {isa = PBXFileReference; lastKnownFileType = file.storyboard; name = Base; path = Base.lproj/Main.storyboard; sourceTree = "<group>"; };
		35AC9EC01937CE5A004A99FE /* EBViewController.h */ = {isa = PBXFileReference; lastKnownFileType = sourcecode.c.h; path = EBViewController.h; sourceTree = "<group>"; };
		35AC9EC11937CE5A004A99FE /* EBViewController.m */ = {isa = PBXFileReference; lastKnownFileType = sourcecode.c.objc; path = EBViewController.m; sourceTree = "<group>"; };
		35AC9EC31937CE5A004A99FE /* Images.xcassets */ = {isa = PBXFileReference; lastKnownFileType = folder.assetcatalog; path = Images.xcassets; sourceTree = "<group>"; };
		35AC9EC91937CE5A004A99FE /* BubbleViewHomeworkTests.xctest */ = {isa = PBXFileReference; explicitFileType = wrapper.cfbundle; includeInIndex = 0; path = BubbleViewHomeworkTests.xctest; sourceTree = BUILT_PRODUCTS_DIR; };
		35AC9ECA1937CE5A004A99FE /* XCTest.framework */ = {isa = PBXFileReference; lastKnownFileType = wrapper.framework; name = XCTest.framework; path = Library/Frameworks/XCTest.framework; sourceTree = DEVELOPER_DIR; };
		35AC9ED21937CE5A004A99FE /* BubbleViewHomeworkTests-Info.plist */ = {isa = PBXFileReference; lastKnownFileType = text.plist.xml; path = "BubbleViewHomeworkTests-Info.plist"; sourceTree = "<group>"; };
		35AC9ED41937CE5A004A99FE /* en */ = {isa = PBXFileReference; lastKnownFileType = text.plist.strings; name = en; path = en.lproj/InfoPlist.strings; sourceTree = "<group>"; };
		35AC9ED61937CE5A004A99FE /* BubbleViewHomeworkTests.m */ = {isa = PBXFileReference; lastKnownFileType = sourcecode.c.objc; path = BubbleViewHomeworkTests.m; sourceTree = "<group>"; };
		35AC9EE31937CF1C004A99FE /* EBBubbleView.h */ = {isa = PBXFileReference; fileEncoding = 4; lastKnownFileType = sourcecode.c.h; path = EBBubbleView.h; sourceTree = "<group>"; };
		35AC9EE41937CF1C004A99FE /* EBBubbleView.m */ = {isa = PBXFileReference; fileEncoding = 4; lastKnownFileType = sourcecode.c.objc; path = EBBubbleView.m; sourceTree = "<group>"; };
		35AC9EE61937D148004A99FE /* Social.framework */ = {isa = PBXFileReference; lastKnownFileType = wrapper.framework; name = Social.framework; path = System/Library/Frameworks/Social.framework; sourceTree = SDKROOT; };
/* End PBXFileReference section */

/* Begin PBXFrameworksBuildPhase section */
		35AC9EA51937CE59004A99FE /* Frameworks */ = {
			isa = PBXFrameworksBuildPhase;
			buildActionMask = 2147483647;
			files = (
				35AC9EE71937D148004A99FE /* Social.framework in Frameworks */,
				35AC9EAE1937CE5A004A99FE /* CoreGraphics.framework in Frameworks */,
				35AC9EB01937CE5A004A99FE /* UIKit.framework in Frameworks */,
				35AC9EAC1937CE5A004A99FE /* Foundation.framework in Frameworks */,
			);
			runOnlyForDeploymentPostprocessing = 0;
		};
		35AC9EC61937CE5A004A99FE /* Frameworks */ = {
			isa = PBXFrameworksBuildPhase;
			buildActionMask = 2147483647;
			files = (
				35AC9ECB1937CE5A004A99FE /* XCTest.framework in Frameworks */,
				35AC9ECD1937CE5A004A99FE /* UIKit.framework in Frameworks */,
				35AC9ECC1937CE5A004A99FE /* Foundation.framework in Frameworks */,
			);
			runOnlyForDeploymentPostprocessing = 0;
		};
/* End PBXFrameworksBuildPhase section */

/* Begin PBXGroup section */
		35AC9E9F1937CE59004A99FE = {
			isa = PBXGroup;
			children = (
				35AC9EE31937CF1C004A99FE /* EBBubbleView.h */,
				35AC9EE41937CF1C004A99FE /* EBBubbleView.m */,
				35AC9EB11937CE5A004A99FE /* BubbleViewHomework */,
				35AC9ED01937CE5A004A99FE /* BubbleViewHomeworkTests */,
				35AC9EAA1937CE59004A99FE /* Frameworks */,
				35AC9EA91937CE59004A99FE /* Products */,
			);
			sourceTree = "<group>";
		};
		35AC9EA91937CE59004A99FE /* Products */ = {
			isa = PBXGroup;
			children = (
				35AC9EA81937CE59004A99FE /* BubbleViewHomework.app */,
				35AC9EC91937CE5A004A99FE /* BubbleViewHomeworkTests.xctest */,
			);
			name = Products;
			sourceTree = "<group>";
		};
		35AC9EAA1937CE59004A99FE /* Frameworks */ = {
			isa = PBXGroup;
			children = (
				35AC9EE61937D148004A99FE /* Social.framework */,
				35AC9EAB1937CE59004A99FE /* Foundation.framework */,
				35AC9EAD1937CE5A004A99FE /* CoreGraphics.framework */,
				35AC9EAF1937CE5A004A99FE /* UIKit.framework */,
				35AC9ECA1937CE5A004A99FE /* XCTest.framework */,
			);
			name = Frameworks;
			sourceTree = "<group>";
		};
		35AC9EB11937CE5A004A99FE /* BubbleViewHomework */ = {
			isa = PBXGroup;
			children = (
				35AC9EBA1937CE5A004A99FE /* EBAppDelegate.h */,
				35AC9EBB1937CE5A004A99FE /* EBAppDelegate.m */,
				35AC9EBD1937CE5A004A99FE /* Main.storyboard */,
				35AC9EC01937CE5A004A99FE /* EBViewController.h */,
				35AC9EC11937CE5A004A99FE /* EBViewController.m */,
				35AC9EC31937CE5A004A99FE /* Images.xcassets */,
				35AC9EB21937CE5A004A99FE /* Supporting Files */,
			);
			path = BubbleViewHomework;
			sourceTree = "<group>";
		};
		35AC9EB21937CE5A004A99FE /* Supporting Files */ = {
			isa = PBXGroup;
			children = (
				35AC9EB31937CE5A004A99FE /* BubbleViewHomework-Info.plist */,
				35AC9EB41937CE5A004A99FE /* InfoPlist.strings */,
				35AC9EB71937CE5A004A99FE /* main.m */,
				35AC9EB91937CE5A004A99FE /* BubbleViewHomework-Prefix.pch */,
			);
			name = "Supporting Files";
			sourceTree = "<group>";
		};
		35AC9ED01937CE5A004A99FE /* BubbleViewHomeworkTests */ = {
			isa = PBXGroup;
			children = (
				35AC9ED61937CE5A004A99FE /* BubbleViewHomeworkTests.m */,
				35AC9ED11937CE5A004A99FE /* Supporting Files */,
			);
			path = BubbleViewHomeworkTests;
			sourceTree = "<group>";
		};
		35AC9ED11937CE5A004A99FE /* Supporting Files */ = {
			isa = PBXGroup;
			children = (
				35AC9ED21937CE5A004A99FE /* BubbleViewHomeworkTests-Info.plist */,
				35AC9ED31937CE5A004A99FE /* InfoPlist.strings */,
			);
			name = "Supporting Files";
			sourceTree = "<group>";
		};
/* End PBXGroup section */

/* Begin PBXNativeTarget section */
		35AC9EA71937CE59004A99FE /* BubbleViewHomework */ = {
			isa = PBXNativeTarget;
			buildConfigurationList = 35AC9EDA1937CE5A004A99FE /* Build configuration list for PBXNativeTarget "BubbleViewHomework" */;
			buildPhases = (
				35AC9EA41937CE59004A99FE /* Sources */,
				35AC9EA51937CE59004A99FE /* Frameworks */,
				35AC9EA61937CE59004A99FE /* Resources */,
			);
			buildRules = (
			);
			dependencies = (
			);
			name = BubbleViewHomework;
			productName = BubbleViewHomework;
			productReference = 35AC9EA81937CE59004A99FE /* BubbleViewHomework.app */;
			productType = "com.apple.product-type.application";
		};
		35AC9EC81937CE5A004A99FE /* BubbleViewHomeworkTests */ = {
			isa = PBXNativeTarget;
			buildConfigurationList = 35AC9EDD1937CE5A004A99FE /* Build configuration list for PBXNativeTarget "BubbleViewHomeworkTests" */;
			buildPhases = (
				35AC9EC51937CE5A004A99FE /* Sources */,
				35AC9EC61937CE5A004A99FE /* Frameworks */,
				35AC9EC71937CE5A004A99FE /* Resources */,
			);
			buildRules = (
			);
			dependencies = (
				35AC9ECF1937CE5A004A99FE /* PBXTargetDependency */,
			);
			name = BubbleViewHomeworkTests;
			productName = BubbleViewHomeworkTests;
			productReference = 35AC9EC91937CE5A004A99FE /* BubbleViewHomeworkTests.xctest */;
			productType = "com.apple.product-type.bundle.unit-test";
		};
/* End PBXNativeTarget section */

/* Begin PBXProject section */
		35AC9EA01937CE59004A99FE /* Project object */ = {
			isa = PBXProject;
			attributes = {
				CLASSPREFIX = EB;
				LastUpgradeCheck = 0510;
				ORGANIZATIONNAME = "Evan Baumgardner";
				TargetAttributes = {
					35AC9EC81937CE5A004A99FE = {
						TestTargetID = 35AC9EA71937CE59004A99FE;
					};
				};
			};
			buildConfigurationList = 35AC9EA31937CE59004A99FE /* Build configuration list for PBXProject "BubbleViewHomework" */;
			compatibilityVersion = "Xcode 3.2";
			developmentRegion = English;
			hasScannedForEncodings = 0;
			knownRegions = (
				en,
				Base,
			);
			mainGroup = 35AC9E9F1937CE59004A99FE;
			productRefGroup = 35AC9EA91937CE59004A99FE /* Products */;
			projectDirPath = "";
			projectRoot = "";
			targets = (
				35AC9EA71937CE59004A99FE /* BubbleViewHomework */,
				35AC9EC81937CE5A004A99FE /* BubbleViewHomeworkTests */,
			);
		};
/* End PBXProject section */

/* Begin PBXResourcesBuildPhase section */
		35AC9EA61937CE59004A99FE /* Resources */ = {
			isa = PBXResourcesBuildPhase;
			buildActionMask = 2147483647;
			files = (
				35AC9EC41937CE5A004A99FE /* Images.xcassets in Resources */,
				35AC9EB61937CE5A004A99FE /* InfoPlist.strings in Resources */,
				35AC9EBF1937CE5A004A99FE /* Main.storyboard in Resources */,
			);
			runOnlyForDeploymentPostprocessing = 0;
		};
		35AC9EC71937CE5A004A99FE /* Resources */ = {
			isa = PBXResourcesBuildPhase;
			buildActionMask = 2147483647;
			files = (
				35AC9ED51937CE5A004A99FE /* InfoPlist.strings in Resources */,
			);
			runOnlyForDeploymentPostprocessing = 0;
		};
/* End PBXResourcesBuildPhase section */

/* Begin PBXSourcesBuildPhase section */
		35AC9EA41937CE59004A99FE /* Sources */ = {
			isa = PBXSourcesBuildPhase;
			buildActionMask = 2147483647;
			files = (
				35AC9EC21937CE5A004A99FE /* EBViewController.m in Sources */,
				35AC9EB81937CE5A004A99FE /* main.m in Sources */,
				35AC9EBC1937CE5A004A99FE /* EBAppDelegate.m in Sources */,
				35AC9EE51937CF1C004A99FE /* EBBubbleView.m in Sources */,
			);
			runOnlyForDeploymentPostprocessing = 0;
		};
		35AC9EC51937CE5A004A99FE /* Sources */ = {
			isa = PBXSourcesBuildPhase;
			buildActionMask = 2147483647;
			files = (
				35AC9ED71937CE5A004A99FE /* BubbleViewHomeworkTests.m in Sources */,
			);
			runOnlyForDeploymentPostprocessing = 0;
		};
/* End PBXSourcesBuildPhase section */

/* Begin PBXTargetDependency section */
		35AC9ECF1937CE5A004A99FE /* PBXTargetDependency */ = {
			isa = PBXTargetDependency;
			target = 35AC9EA71937CE59004A99FE /* BubbleViewHomework */;
			targetProxy = 35AC9ECE1937CE5A004A99FE /* PBXContainerItemProxy */;
		};
/* End PBXTargetDependency section */

/* Begin PBXVariantGroup section */
		35AC9EB41937CE5A004A99FE /* InfoPlist.strings */ = {
			isa = PBXVariantGroup;
			children = (
				35AC9EB51937CE5A004A99FE /* en */,
			);
			name = InfoPlist.strings;
			sourceTree = "<group>";
		};
		35AC9EBD1937CE5A004A99FE /* Main.storyboard */ = {
			isa = PBXVariantGroup;
			children = (
				35AC9EBE1937CE5A004A99FE /* Base */,
			);
			name = Main.storyboard;
			sourceTree = "<group>";
		};
		35AC9ED31937CE5A004A99FE /* InfoPlist.strings */ = {
			isa = PBXVariantGroup;
			children = (
				35AC9ED41937CE5A004A99FE /* en */,
			);
			name = InfoPlist.strings;
			sourceTree = "<group>";
		};
/* End PBXVariantGroup section */

/* Begin XCBuildConfiguration section */
		35AC9ED81937CE5A004A99FE /* Debug */ = {
			isa = XCBuildConfiguration;
			buildSettings = {
				ALWAYS_SEARCH_USER_PATHS = NO;
				CLANG_CXX_LANGUAGE_STANDARD = "gnu++0x";
				CLANG_CXX_LIBRARY = "libc++";
				CLANG_ENABLE_MODULES = YES;
				CLANG_ENABLE_OBJC_ARC = YES;
				CLANG_WARN_BOOL_CONVERSION = YES;
				CLANG_WARN_CONSTANT_CONVERSION = YES;
				CLANG_WARN_DIRECT_OBJC_ISA_USAGE = YES_ERROR;
				CLANG_WARN_EMPTY_BODY = YES;
				CLANG_WARN_ENUM_CONVERSION = YES;
				CLANG_WARN_INT_CONVERSION = YES;
				CLANG_WARN_OBJC_ROOT_CLASS = YES_ERROR;
				CLANG_WARN__DUPLICATE_METHOD_MATCH = YES;
				"CODE_SIGN_IDENTITY[sdk=iphoneos*]" = "iPhone Developer";
				COPY_PHASE_STRIP = NO;
				GCC_C_LANGUAGE_STANDARD = gnu99;
				GCC_DYNAMIC_NO_PIC = NO;
				GCC_OPTIMIZATION_LEVEL = 0;
				GCC_PREPROCESSOR_DEFINITIONS = (
					"DEBUG=1",
					"$(inherited)",
				);
				GCC_SYMBOLS_PRIVATE_EXTERN = NO;
				GCC_WARN_64_TO_32_BIT_CONVERSION = YES;
				GCC_WARN_ABOUT_RETURN_TYPE = YES_ERROR;
				GCC_WARN_UNDECLARED_SELECTOR = YES;
				GCC_WARN_UNINITIALIZED_AUTOS = YES_AGGRESSIVE;
				GCC_WARN_UNUSED_FUNCTION = YES;
				GCC_WARN_UNUSED_VARIABLE = YES;
				IPHONEOS_DEPLOYMENT_TARGET = 7.1;
				ONLY_ACTIVE_ARCH = YES;
				SDKROOT = iphoneos;
			};
			name = Debug;
		};
		35AC9ED91937CE5A004A99FE /* Release */ = {
			isa = XCBuildConfiguration;
			buildSettings = {
				ALWAYS_SEARCH_USER_PATHS = NO;
				CLANG_CXX_LANGUAGE_STANDARD = "gnu++0x";
				CLANG_CXX_LIBRARY = "libc++";
				CLANG_ENABLE_MODULES = YES;
				CLANG_ENABLE_OBJC_ARC = YES;
				CLANG_WARN_BOOL_CONVERSION = YES;
				CLANG_WARN_CONSTANT_CONVERSION = YES;
				CLANG_WARN_DIRECT_OBJC_ISA_USAGE = YES_ERROR;
				CLANG_WARN_EMPTY_BODY = YES;
				CLANG_WARN_ENUM_CONVERSION = YES;
				CLANG_WARN_INT_CONVERSION = YES;
				CLANG_WARN_OBJC_ROOT_CLASS = YES_ERROR;
				CLANG_WARN__DUPLICATE_METHOD_MATCH = YES;
				"CODE_SIGN_IDENTITY[sdk=iphoneos*]" = "iPhone Developer";
				COPY_PHASE_STRIP = YES;
				ENABLE_NS_ASSERTIONS = NO;
				GCC_C_LANGUAGE_STANDARD = gnu99;
				GCC_WARN_64_TO_32_BIT_CONVERSION = YES;
				GCC_WARN_ABOUT_RETURN_TYPE = YES_ERROR;
				GCC_WARN_UNDECLARED_SELECTOR = YES;
				GCC_WARN_UNINITIALIZED_AUTOS = YES_AGGRESSIVE;
				GCC_WARN_UNUSED_FUNCTION = YES;
				GCC_WARN_UNUSED_VARIABLE = YES;
				IPHONEOS_DEPLOYMENT_TARGET = 7.1;
				SDKROOT = iphoneos;
				VALIDATE_PRODUCT = YES;
			};
			name = Release;
		};
		35AC9EDB1937CE5A004A99FE /* Debug */ = {
			isa = XCBuildConfiguration;
			buildSettings = {
				ASSETCATALOG_COMPILER_APPICON_NAME = AppIcon;
				ASSETCATALOG_COMPILER_LAUNCHIMAGE_NAME = LaunchImage;
				GCC_PRECOMPILE_PREFIX_HEADER = YES;
				GCC_PREFIX_HEADER = "BubbleViewHomework/BubbleViewHomework-Prefix.pch";
				INFOPLIST_FILE = "BubbleViewHomework/BubbleViewHomework-Info.plist";
				PRODUCT_NAME = "$(TARGET_NAME)";
				WRAPPER_EXTENSION = app;
			};
			name = Debug;
		};
		35AC9EDC1937CE5A004A99FE /* Release */ = {
			isa = XCBuildConfiguration;
			buildSettings = {
				ASSETCATALOG_COMPILER_APPICON_NAME = AppIcon;
				ASSETCATALOG_COMPILER_LAUNCHIMAGE_NAME = LaunchImage;
				GCC_PRECOMPILE_PREFIX_HEADER = YES;
				GCC_PREFIX_HEADER = "BubbleViewHomework/BubbleViewHomework-Prefix.pch";
				INFOPLIST_FILE = "BubbleViewHomework/BubbleViewHomework-Info.plist";
				PRODUCT_NAME = "$(TARGET_NAME)";
				WRAPPER_EXTENSION = app;
			};
			name = Release;
		};
		35AC9EDE1937CE5A004A99FE /* Debug */ = {
			isa = XCBuildConfiguration;
			buildSettings = {
				BUNDLE_LOADER = "$(BUILT_PRODUCTS_DIR)/BubbleViewHomework.app/BubbleViewHomework";
				FRAMEWORK_SEARCH_PATHS = (
					"$(SDKROOT)/Developer/Library/Frameworks",
					"$(inherited)",
					"$(DEVELOPER_FRAMEWORKS_DIR)",
				);
				GCC_PRECOMPILE_PREFIX_HEADER = YES;
				GCC_PREFIX_HEADER = "BubbleViewHomework/BubbleViewHomework-Prefix.pch";
				GCC_PREPROCESSOR_DEFINITIONS = (
					"DEBUG=1",
					"$(inherited)",
				);
				INFOPLIST_FILE = "BubbleViewHomeworkTests/BubbleViewHomeworkTests-Info.plist";
				PRODUCT_NAME = "$(TARGET_NAME)";
				TEST_HOST = "$(BUNDLE_LOADER)";
				WRAPPER_EXTENSION = xctest;
			};
			name = Debug;
		};
		35AC9EDF1937CE5A004A99FE /* Release */ = {
			isa = XCBuildConfiguration;
			buildSettings = {
				BUNDLE_LOADER = "$(BUILT_PRODUCTS_DIR)/BubbleViewHomework.app/BubbleViewHomework";
				FRAMEWORK_SEARCH_PATHS = (
					"$(SDKROOT)/Developer/Library/Frameworks",
					"$(inherited)",
					"$(DEVELOPER_FRAMEWORKS_DIR)",
				);
				GCC_PRECOMPILE_PREFIX_HEADER = YES;
				GCC_PREFIX_HEADER = "BubbleViewHomework/BubbleViewHomework-Prefix.pch";
				INFOPLIST_FILE = "BubbleViewHomeworkTests/BubbleViewHomeworkTests-Info.plist";
				PRODUCT_NAME = "$(TARGET_NAME)";
				TEST_HOST = "$(BUNDLE_LOADER)";
				WRAPPER_EXTENSION = xctest;
			};
			name = Release;
		};
/* End XCBuildConfiguration section */

/* Begin XCConfigurationList section */
		35AC9EA31937CE59004A99FE /* Build configuration list for PBXProject "BubbleViewHomework" */ = {
			isa = XCConfigurationList;
			buildConfigurations = (
				35AC9ED81937CE5A004A99FE /* Debug */,
				35AC9ED91937CE5A004A99FE /* Release */,
			);
			defaultConfigurationIsVisible = 0;
			defaultConfigurationName = Release;
		};
		35AC9EDA1937CE5A004A99FE /* Build configuration list for PBXNativeTarget "BubbleViewHomework" */ = {
			isa = XCConfigurationList;
			buildConfigurations = (
				35AC9EDB1937CE5A004A99FE /* Debug */,
				35AC9EDC1937CE5A004A99FE /* Release */,
			);
			defaultConfigurationIsVisible = 0;
		};
		35AC9EDD1937CE5A004A99FE /* Build configuration list for PBXNativeTarget "BubbleViewHomeworkTests" */ = {
			isa = XCConfigurationList;
			buildConfigurations = (
				35AC9EDE1937CE5A004A99FE /* Debug */,
				35AC9EDF1937CE5A004A99FE /* Release */,
			);
			defaultConfigurationIsVisible = 0;
		};
/* End XCConfigurationList section */
	};
	rootObject = 35AC9EA01937CE59004A99FE /* Project object */;
}
